Microsoft Visual Studio Solution File, Format Version 12.00
# Visual Studio Version 17
VisualStudioVersion = 17.5.2.0
MinimumVisualStudioVersion = 10.0.40219.1
Project("{FAE04EC0-301F-11D3-BF4B-00C04F79EFBC}") = "Vidio7", "Vidio7.csproj", "{182D4A32-E53B-2DBD-14B3-72E6FB601C6D}"
EndProject
Global
	GlobalSection(SolutionConfigurationPlatforms) = preSolution
		Debug|Any CPU = Debug|Any CPU
		Release|Any CPU = Release|Any CPU
	EndGlobalSection
	GlobalSection(ProjectConfigurationPlatforms) = postSolution
		{182D4A32-E53B-2DBD-14B3-72E6FB601C6D}.Debug|Any CPU.ActiveCfg = Debug|Any CPU
		{182D4A32-E53B-2DBD-14B3-72E6FB601C6D}.Debug|Any CPU.Build.0 = Debug|Any CPU
		{182D4A32-E53B-2DBD-14B3-72E6FB601C6D}.Release|Any CPU.ActiveCfg = Release|Any CPU
		{182D4A32-E53B-2DBD-14B3-72E6FB601C6D}.Release|Any CPU.Build.0 = Release|Any CPU
	EndGlobalSection
	GlobalSection(SolutionProperties) = preSolution
		HideSolutionNode = FALSE
	EndGlobalSection
	GlobalSection(ExtensibilityGlobals) = postSolution
		SolutionGuid = {F0EEA007-D7DA-4628-9F26-EC98607A606F}
	EndGlobalSection
EndGlobal
