Microsoft Visual Studio Solution File, Format Version 12.00
# Visual Studio Version 17
VisualStudioVersion = 17.5.2.0
MinimumVisualStudioVersion = 10.0.40219.1
Project("{FAE04EC0-301F-11D3-BF4B-00C04F79EFBC}") = "Vidio10", "Vidio10.csproj", "{FDDAA7A6-97CD-CB7A-B492-52DF30F08D1B}"
EndProject
Global
	GlobalSection(SolutionConfigurationPlatforms) = preSolution
		Debug|Any CPU = Debug|Any CPU
		Release|Any CPU = Release|Any CPU
	EndGlobalSection
	GlobalSection(ProjectConfigurationPlatforms) = postSolution
		{FDDAA7A6-97CD-CB7A-B492-52DF30F08D1B}.Debug|Any CPU.ActiveCfg = Debug|Any CPU
		{FDDAA7A6-97CD-CB7A-B492-52DF30F08D1B}.Debug|Any CPU.Build.0 = Debug|Any CPU
		{FDDAA7A6-97CD-CB7A-B492-52DF30F08D1B}.Release|Any CPU.ActiveCfg = Release|Any CPU
		{FDDAA7A6-97CD-CB7A-B492-52DF30F08D1B}.Release|Any CPU.Build.0 = Release|Any CPU
	EndGlobalSection
	GlobalSection(SolutionProperties) = preSolution
		HideSolutionNode = FALSE
	EndGlobalSection
	GlobalSection(ExtensibilityGlobals) = postSolution
		SolutionGuid = {586705E4-FEF3-46AA-A9A0-1CE6433C945D}
	EndGlobalSection
EndGlobal
